{
  "name": "proyecto_ciclo3_misiontic2022",
  "lockfileVersion": 2,
  "requires": true,
  "packages": {
    "": {
      "dependencies": {
        "sweetalert2": "^11.1.7",
        "vuejs-datepicker": "^1.6.2"
      }
    },
    "node_modules/sweetalert2": {
      "version": "11.1.7",
      "resolved": "https://registry.npmjs.org/sweetalert2/-/sweetalert2-11.1.7.tgz",
      "integrity": "sha512-7MHQVtKCTORfA9e58g9ZOfT3X58DkSBtvoCQJnqSHobXXb5C7aB8Yg/tAccTFnefCUBU41PoStjXMkzG3bNeig==",
      "funding": {
        "url": "https://sweetalert2.github.io/#donations"
      }
    },
    "node_modules/vue": {
      "version": "2.6.14",
      "resolved": "https://registry.npmjs.org/vue/-/vue-2.6.14.tgz",
      "integrity": "sha512-x2284lgYvjOMj3Za7kqzRcUSxBboHqtgRE2zlos1qWaOye5yUmHn42LB1250NJBLRwEcdrB0JRwyPTEPhfQjiQ==",
      "peer": true
    },
    "node_modules/vuejs-datepicker": {
      "version": "1.6.2",
      "resolved": "https://registry.npmjs.org/vuejs-datepicker/-/vuejs-datepicker-1.6.2.tgz",
      "integrity": "sha512-PkC4vxzFBo7i6FSCUAJfnaWOx6VkKbOqxijSGHHlWxh8FIUKEZVtFychkonVWtK3iwWfhmYtqHcwsmgxefLpLQ==",
      "peerDependencies": {
        "vue": "^2.6.10"
      }
    }
  },
  "dependencies": {
    "sweetalert2": {
      "version": "11.1.7",
      "resolved": "https://registry.npmjs.org/sweetalert2/-/sweetalert2-11.1.7.tgz",
      "integrity": "sha512-7MHQVtKCTORfA9e58g9ZOfT3X58DkSBtvoCQJnqSHobXXb5C7aB8Yg/tAccTFnefCUBU41PoStjXMkzG3bNeig=="
    },
    "vue": {
      "version": "2.6.14",
      "resolved": "https://registry.npmjs.org/vue/-/vue-2.6.14.tgz",
      "integrity": "sha512-x2284lgYvjOMj3Za7kqzRcUSxBboHqtgRE2zlos1qWaOye5yUmHn42LB1250NJBLRwEcdrB0JRwyPTEPhfQjiQ==",
      "peer": true
    },
    "vuejs-datepicker": {
      "version": "1.6.2",
      "resolved": "https://registry.npmjs.org/vuejs-datepicker/-/vuejs-datepicker-1.6.2.tgz",
      "integrity": "sha512-PkC4vxzFBo7i6FSCUAJfnaWOx6VkKbOqxijSGHHlWxh8FIUKEZVtFychkonVWtK3iwWfhmYtqHcwsmgxefLpLQ==",
      "requires": {}
    }
  }
}
